
Microsoft Visual Studio Solution File, Format Version 12.00
# Visual Studio Version 16
VisualStudioVersion = 16.0.30225.117
MinimumVisualStudioVersion = 10.0.40219.1
Project("{FAE04EC0-301F-11D3-BF4B-00C04F79EFBC}") = "Date-Time", "Date-Time\Date-Time.csproj", "{57ACDD77-53A5-438C-8F1C-0A10250DFAAE}"
EndProject
Global
	GlobalSection(SolutionConfigurationPlatforms) = preSolution
		Debug|Any CPU = Debug|Any CPU
		Release|Any CPU = Release|Any CPU
	EndGlobalSection
	GlobalSection(ProjectConfigurationPlatforms) = postSolution
		{57ACDD77-53A5-438C-8F1C-0A10250DFAAE}.Debug|Any CPU.ActiveCfg = Debug|Any CPU
		{57ACDD77-53A5-438C-8F1C-0A10250DFAAE}.Debug|Any CPU.Build.0 = Debug|Any CPU
		{57ACDD77-53A5-438C-8F1C-0A10250DFAAE}.Release|Any CPU.ActiveCfg = Release|Any CPU
		{57ACDD77-53A5-438C-8F1C-0A10250DFAAE}.Release|Any CPU.Build.0 = Release|Any CPU
	EndGlobalSection
	GlobalSection(SolutionProperties) = preSolution
		HideSolutionNode = FALSE
	EndGlobalSection
	GlobalSection(ExtensibilityGlobals) = postSolution
		SolutionGuid = {870045FE-B6DF-4007-A600-B8D48EF95D1C}
	EndGlobalSection
EndGlobal
