
Microsoft Visual Studio Solution File, Format Version 12.00
# Visual Studio Version 16
VisualStudioVersion = 16.0.30225.117
MinimumVisualStudioVersion = 10.0.40219.1
Project("{FAE04EC0-301F-11D3-BF4B-00C04F79EFBC}") = "Scopes", "Scopes\Scopes.csproj", "{F27271AA-518D-4D35-B203-E44B54120B07}"
EndProject
Global
	GlobalSection(SolutionConfigurationPlatforms) = preSolution
		Debug|Any CPU = Debug|Any CPU
		Release|Any CPU = Release|Any CPU
	EndGlobalSection
	GlobalSection(ProjectConfigurationPlatforms) = postSolution
		{F27271AA-518D-4D35-B203-E44B54120B07}.Debug|Any CPU.ActiveCfg = Debug|Any CPU
		{F27271AA-518D-4D35-B203-E44B54120B07}.Debug|Any CPU.Build.0 = Debug|Any CPU
		{F27271AA-518D-4D35-B203-E44B54120B07}.Release|Any CPU.ActiveCfg = Release|Any CPU
		{F27271AA-518D-4D35-B203-E44B54120B07}.Release|Any CPU.Build.0 = Release|Any CPU
	EndGlobalSection
	GlobalSection(SolutionProperties) = preSolution
		HideSolutionNode = FALSE
	EndGlobalSection
	GlobalSection(ExtensibilityGlobals) = postSolution
		SolutionGuid = {9D26CB42-42C5-45E2-B930-C104C3E9F41E}
	EndGlobalSection
EndGlobal
